{
  "lockfileVersion": 1,
  "configVersion": 1,
  "workspaces": {
    "": {
      "name": "lumiverse-memory-books",
      "devDependencies": {
        "lumiverse-spindle-types": "latest",
        "typescript": "^5.9.3",
      },
    },
  },
  "packages": {
    "lumiverse-spindle-types": ["lumiverse-spindle-types@0.5.31", "", {}, "sha512-Vu4ppfIskGKiK9BGqEPaBMqqdpSFCXgWDq6cgBExWV0Edb+90rD9/5iWuZ2Zi/zoqPwZKgfr62onhmjEjR7odQ=="],

    "typescript": ["typescript@5.9.3", "", { "bin": { "tsc": "bin/tsc", "tsserver": "bin/tsserver" } }, "sha512-jl1vZzPDinLr9eUt3J/t7V6FgNEw9QjvBPdysz9KfQDD41fQrC2Y4vKQdiaUpFT4bXlb1RHhLpp8wtm6M5TgSw=="],
  }
}
