{
  "lockfileVersion": 1,
  "configVersion": 1,
  "workspaces": {
    "": {
      "name": "lumiverse-memory-books",
      "devDependencies": {
        "lumiverse-spindle-types": "0.5.22",
        "typescript": "^5.9.3",
      },
    },
  },
  "packages": {
    "lumiverse-spindle-types": ["lumiverse-spindle-types@0.5.22", "", {}, "sha512-qlp+StDgDm2Wf6/Dp/FX4z4FNOTiKx4djGMnxk/+b/4NISzz72BbbV46/UYkY922a/MKnSBNa02J4p2H7BLGxg=="],

    "typescript": ["typescript@5.9.3", "", { "bin": { "tsc": "bin/tsc", "tsserver": "bin/tsserver" } }, "sha512-jl1vZzPDinLr9eUt3J/t7V6FgNEw9QjvBPdysz9KfQDD41fQrC2Y4vKQdiaUpFT4bXlb1RHhLpp8wtm6M5TgSw=="],
  }
}
